
Microsoft Visual Studio Solution File, Format Version 12.00
# Visual Studio Version 16
VisualStudioVersion = 16.0.29418.71
MinimumVisualStudioVersion = 10.0.40219.1
Project("{FAE04EC0-301F-11D3-BF4B-00C04F79EFBC}") = "ClamAv.Net", "ClamAv.Net.csproj", "{F67486DB-0108-4577-8C90-6FF54BA7423D}"
EndProject
Project("{E53339B2-1760-4266-BCC7-CA923CBCF16C}") = "docker-compose", "docker-compose.dcproj", "{23791A02-3AF0-450B-8F48-A78635BDD394}"
EndProject
Global
	GlobalSection(SolutionConfigurationPlatforms) = preSolution
		Debug|Any CPU = Debug|Any CPU
		Release|Any CPU = Release|Any CPU
	EndGlobalSection
	GlobalSection(ProjectConfigurationPlatforms) = postSolution
		{F67486DB-0108-4577-8C90-6FF54BA7423D}.Debug|Any CPU.ActiveCfg = Debug|Any CPU
		{F67486DB-0108-4577-8C90-6FF54BA7423D}.Debug|Any CPU.Build.0 = Debug|Any CPU
		{F67486DB-0108-4577-8C90-6FF54BA7423D}.Release|Any CPU.ActiveCfg = Release|Any CPU
		{F67486DB-0108-4577-8C90-6FF54BA7423D}.Release|Any CPU.Build.0 = Release|Any CPU
		{23791A02-3AF0-450B-8F48-A78635BDD394}.Debug|Any CPU.ActiveCfg = Debug|Any CPU
		{23791A02-3AF0-450B-8F48-A78635BDD394}.Debug|Any CPU.Build.0 = Debug|Any CPU
		{23791A02-3AF0-450B-8F48-A78635BDD394}.Release|Any CPU.ActiveCfg = Release|Any CPU
		{23791A02-3AF0-450B-8F48-A78635BDD394}.Release|Any CPU.Build.0 = Release|Any CPU
	EndGlobalSection
	GlobalSection(SolutionProperties) = preSolution
		HideSolutionNode = FALSE
	EndGlobalSection
	GlobalSection(ExtensibilityGlobals) = postSolution
		SolutionGuid = {1ADEDD1C-F22C-4F78-B1A4-931B17F40604}
	EndGlobalSection
EndGlobal
